
Microsoft Visual Studio Solution File, Format Version 12.00
# Visual Studio Version 17
VisualStudioVersion = 17.10.35122.118
MinimumVisualStudioVersion = 10.0.40219.1
Project("{54A90642-561A-4BB1-A94E-469ADEE60C69}") = "shopping-cart", "shopping-cart\shopping-cart.esproj", "{B2033CCB-EC34-4F88-9A9D-B0BC8B6375F5}"
EndProject
Global
	GlobalSection(SolutionConfigurationPlatforms) = preSolution
		Debug|Any CPU = Debug|Any CPU
		Release|Any CPU = Release|Any CPU
	EndGlobalSection
	GlobalSection(ProjectConfigurationPlatforms) = postSolution
		{B2033CCB-EC34-4F88-9A9D-B0BC8B6375F5}.Debug|Any CPU.ActiveCfg = Debug|Any CPU
		{B2033CCB-EC34-4F88-9A9D-B0BC8B6375F5}.Debug|Any CPU.Build.0 = Debug|Any CPU
		{B2033CCB-EC34-4F88-9A9D-B0BC8B6375F5}.Debug|Any CPU.Deploy.0 = Debug|Any CPU
		{B2033CCB-EC34-4F88-9A9D-B0BC8B6375F5}.Release|Any CPU.ActiveCfg = Release|Any CPU
		{B2033CCB-EC34-4F88-9A9D-B0BC8B6375F5}.Release|Any CPU.Build.0 = Release|Any CPU
		{B2033CCB-EC34-4F88-9A9D-B0BC8B6375F5}.Release|Any CPU.Deploy.0 = Release|Any CPU
	EndGlobalSection
	GlobalSection(SolutionProperties) = preSolution
		HideSolutionNode = FALSE
	EndGlobalSection
	GlobalSection(ExtensibilityGlobals) = postSolution
		SolutionGuid = {33ABC93F-B262-425C-A4FA-82A6C1CB14E6}
	EndGlobalSection
EndGlobal
